
Microsoft Visual Studio Solution File, Format Version 12.00
# Visual Studio Version 17
VisualStudioVersion = 17.5.002.0
MinimumVisualStudioVersion = 10.0.40219.1
Project("{9A19103F-16F7-4668-BE54-9A1E7A4F7556}") = "start_app", "start_app\start_app.csproj", "{6DE8F3A7-974F-4195-B87C-319756692EEC}"
EndProject
Global
	GlobalSection(SolutionConfigurationPlatforms) = preSolution
		Debug|Any CPU = Debug|Any CPU
		Release|Any CPU = Release|Any CPU
	EndGlobalSection
	GlobalSection(ProjectConfigurationPlatforms) = postSolution
		{6DE8F3A7-974F-4195-B87C-319756692EEC}.Debug|Any CPU.ActiveCfg = Debug|Any CPU
		{6DE8F3A7-974F-4195-B87C-319756692EEC}.Debug|Any CPU.Build.0 = Debug|Any CPU
		{6DE8F3A7-974F-4195-B87C-319756692EEC}.Release|Any CPU.ActiveCfg = Release|Any CPU
		{6DE8F3A7-974F-4195-B87C-319756692EEC}.Release|Any CPU.Build.0 = Release|Any CPU
	EndGlobalSection
	GlobalSection(SolutionProperties) = preSolution
		HideSolutionNode = FALSE
	EndGlobalSection
	GlobalSection(ExtensibilityGlobals) = postSolution
		SolutionGuid = {FDAF8155-2EEA-4786-BC46-1B7533CFBE57}
	EndGlobalSection
EndGlobal
